
Microsoft Visual Studio Solution File, Format Version 12.00
# Visual Studio Version 17
VisualStudioVersion = 17.0.31903.59
MinimumVisualStudioVersion = 10.0.40219.1
Project("{FAE04EC0-301F-11D3-BF4B-00C04F79EFBC}") = "PrimeService", "PrimeService\PrimeService.csproj", "{B580D0B9-E991-4485-BB64-FEE5E2D526FD}"
EndProject
Project("{FAE04EC0-301F-11D3-BF4B-00C04F79EFBC}") = "PrimeService.Tests", "PrimeService.Tests\PrimeService.Tests.csproj", "{4399C49C-B74E-4561-98CF-129FEE54F772}"
EndProject
Global
	GlobalSection(SolutionConfigurationPlatforms) = preSolution
		Debug|Any CPU = Debug|Any CPU
		Release|Any CPU = Release|Any CPU
	EndGlobalSection
	GlobalSection(SolutionProperties) = preSolution
		HideSolutionNode = FALSE
	EndGlobalSection
	GlobalSection(ProjectConfigurationPlatforms) = postSolution
		{B580D0B9-E991-4485-BB64-FEE5E2D526FD}.Debug|Any CPU.ActiveCfg = Debug|Any CPU
		{B580D0B9-E991-4485-BB64-FEE5E2D526FD}.Debug|Any CPU.Build.0 = Debug|Any CPU
		{B580D0B9-E991-4485-BB64-FEE5E2D526FD}.Release|Any CPU.ActiveCfg = Release|Any CPU
		{B580D0B9-E991-4485-BB64-FEE5E2D526FD}.Release|Any CPU.Build.0 = Release|Any CPU
		{4399C49C-B74E-4561-98CF-129FEE54F772}.Debug|Any CPU.ActiveCfg = Debug|Any CPU
		{4399C49C-B74E-4561-98CF-129FEE54F772}.Debug|Any CPU.Build.0 = Debug|Any CPU
		{4399C49C-B74E-4561-98CF-129FEE54F772}.Release|Any CPU.ActiveCfg = Release|Any CPU
		{4399C49C-B74E-4561-98CF-129FEE54F772}.Release|Any CPU.Build.0 = Release|Any CPU
	EndGlobalSection
EndGlobal
